
Microsoft Visual Studio Solution File, Format Version 12.00
# Visual Studio Version 17
VisualStudioVersion = 17.2.32630.192
MinimumVisualStudioVersion = 10.0.40219.1
Project("{9A19103F-16F7-4668-BE54-9A1E7A4F7556}") = "ParticleSwarmSharp", "ParticleSwarmSharp\ParticleSwarmSharp.csproj", "{3F5F7D22-E98C-415F-B160-110CB1B2D9EA}"
EndProject
Project("{9A19103F-16F7-4668-BE54-9A1E7A4F7556}") = "ParticleSwarmSharp.UnitTests", "ParticleSwarmSharp.UnitTests\ParticleSwarmSharp.UnitTests.csproj", "{2CDCB902-F721-4462-904E-C942BA5ACFA2}"
EndProject
Global
	GlobalSection(SolutionConfigurationPlatforms) = preSolution
		Debug|Any CPU = Debug|Any CPU
		Release|Any CPU = Release|Any CPU
	EndGlobalSection
	GlobalSection(ProjectConfigurationPlatforms) = postSolution
		{3F5F7D22-E98C-415F-B160-110CB1B2D9EA}.Debug|Any CPU.ActiveCfg = Debug|Any CPU
		{3F5F7D22-E98C-415F-B160-110CB1B2D9EA}.Debug|Any CPU.Build.0 = Debug|Any CPU
		{3F5F7D22-E98C-415F-B160-110CB1B2D9EA}.Release|Any CPU.ActiveCfg = Release|Any CPU
		{3F5F7D22-E98C-415F-B160-110CB1B2D9EA}.Release|Any CPU.Build.0 = Release|Any CPU
		{2CDCB902-F721-4462-904E-C942BA5ACFA2}.Debug|Any CPU.ActiveCfg = Debug|Any CPU
		{2CDCB902-F721-4462-904E-C942BA5ACFA2}.Debug|Any CPU.Build.0 = Debug|Any CPU
		{2CDCB902-F721-4462-904E-C942BA5ACFA2}.Release|Any CPU.ActiveCfg = Release|Any CPU
		{2CDCB902-F721-4462-904E-C942BA5ACFA2}.Release|Any CPU.Build.0 = Release|Any CPU
	EndGlobalSection
	GlobalSection(SolutionProperties) = preSolution
		HideSolutionNode = FALSE
	EndGlobalSection
	GlobalSection(ExtensibilityGlobals) = postSolution
		SolutionGuid = {1DDBE044-837C-460F-9661-2528FE7D609D}
	EndGlobalSection
EndGlobal
